// !$*UTF8*$!
{
	archiveVersion = 1;
	classes = {
	};
	objectVersion = 46;
	objects = {

/* Begin PBXBuildFile section */
		858A969C1C58BE6500F8FBF6 /* ExamenActions.swift in Sources */ = {isa = PBXBuildFile; fileRef = 858A969B1C58BE6500F8FBF6 /* ExamenActions.swift */; };
		858A969E1C58BFB000F8FBF6 /* Examen.swift in Sources */ = {isa = PBXBuildFile; fileRef = 858A969D1C58BFB000F8FBF6 /* Examen.swift */; };
		858A96A51C5A26C400F8FBF6 /* burger@2x.png in Resources */ = {isa = PBXBuildFile; fileRef = 858A96A41C5A26C400F8FBF6 /* burger@2x.png */; };
		858A96A71C5A26CE00F8FBF6 /* burger.png in Resources */ = {isa = PBXBuildFile; fileRef = 858A96A61C5A26CE00F8FBF6 /* burger.png */; };
		858A96A91C5A333600F8FBF6 /* logoIOS.png in Resources */ = {isa = PBXBuildFile; fileRef = 858A96A81C5A333600F8FBF6 /* logoIOS.png */; };
		858A96AB1C5A33CC00F8FBF6 /* Captura de pantalla 2016-01-28 a las 12.31.35.png in Resources */ = {isa = PBXBuildFile; fileRef = 858A96AA1C5A33CC00F8FBF6 /* Captura de pantalla 2016-01-28 a las 12.31.35.png */; };
		858A96AD1C5A398F00F8FBF6 /* 1454003765_thumbs-up.png in Resources */ = {isa = PBXBuildFile; fileRef = 858A96AC1C5A398F00F8FBF6 /* 1454003765_thumbs-up.png */; };
		858A96AF1C5A399500F8FBF6 /* 1454003755_thumbs-down.png in Resources */ = {isa = PBXBuildFile; fileRef = 858A96AE1C5A399500F8FBF6 /* 1454003755_thumbs-down.png */; };
		858A96B31C5A3CB700F8FBF6 /* calendar_icon.png in Resources */ = {isa = PBXBuildFile; fileRef = 858A96B21C5A3CB700F8FBF6 /* calendar_icon.png */; };
		858A96B61C5A3D5A00F8FBF6 /* icon_succeses.png in Resources */ = {isa = PBXBuildFile; fileRef = 858A96B41C5A3D5A00F8FBF6 /* icon_succeses.png */; };
		858A96B71C5A3D5A00F8FBF6 /* icon_failures.png in Resources */ = {isa = PBXBuildFile; fileRef = 858A96B51C5A3D5A00F8FBF6 /* icon_failures.png */; };
		859273FE1C5628470029C503 /* hacer_test.png in Resources */ = {isa = PBXBuildFile; fileRef = 859273FB1C5628470029C503 /* hacer_test.png */; };
		859273FF1C5628470029C503 /* resultados.png in Resources */ = {isa = PBXBuildFile; fileRef = 859273FC1C5628470029C503 /* resultados.png */; };
		859274001C5628470029C503 /* cerrar_sesion.png in Resources */ = {isa = PBXBuildFile; fileRef = 859273FD1C5628470029C503 /* cerrar_sesion.png */; };
		859274021C5630290029C503 /* ResultsTableViewController.swift in Sources */ = {isa = PBXBuildFile; fileRef = 859274011C5630290029C503 /* ResultsTableViewController.swift */; };
		859274041C56339D0029C503 /* Background.jpg in Resources */ = {isa = PBXBuildFile; fileRef = 859274031C56339D0029C503 /* Background.jpg */; };
		859274061C56381C0029C503 /* TabBarController.swift in Sources */ = {isa = PBXBuildFile; fileRef = 859274051C56381C0029C503 /* TabBarController.swift */; };
		859274081C5638970029C503 /* FrostedSidebar.swift in Sources */ = {isa = PBXBuildFile; fileRef = 859274071C5638970029C503 /* FrostedSidebar.swift */; };
		8592740E1C576E880029C503 /* ResultsTableViewCell.swift in Sources */ = {isa = PBXBuildFile; fileRef = 8592740D1C576E880029C503 /* ResultsTableViewCell.swift */; };
		859274111C5770BC0029C503 /* Result.swift in Sources */ = {isa = PBXBuildFile; fileRef = 859274101C5770BC0029C503 /* Result.swift */; };
		8D35BD271C58BEE60036D092 /* PreguntaActions.swift in Sources */ = {isa = PBXBuildFile; fileRef = 8D35BD261C58BEE60036D092 /* PreguntaActions.swift */; };
		8D35BD2B1C592C640036D092 /* LoadingAlert.swift in Sources */ = {isa = PBXBuildFile; fileRef = 8D35BD2A1C592C640036D092 /* LoadingAlert.swift */; };
		8D9625DD1C578DCB00E197F1 /* final_banner.png in Resources */ = {isa = PBXBuildFile; fileRef = 8D9625DC1C578DCB00E197F1 /* final_banner.png */; };
		8DEBE20F1C529E8300F057DE /* Test.swift in Sources */ = {isa = PBXBuildFile; fileRef = 8DEBE20E1C529E8300F057DE /* Test.swift */; };
		8DEBE2111C52A01100F057DE /* TestTableViewCell.swift in Sources */ = {isa = PBXBuildFile; fileRef = 8DEBE2101C52A01100F057DE /* TestTableViewCell.swift */; };
		8DEBE2131C52A33000F057DE /* Question.swift in Sources */ = {isa = PBXBuildFile; fileRef = 8DEBE2121C52A33000F057DE /* Question.swift */; };
		8DEBE2151C52A5B400F057DE /* Answer.swift in Sources */ = {isa = PBXBuildFile; fileRef = 8DEBE2141C52A5B400F057DE /* Answer.swift */; };
		8DEBE2171C52AC1D00F057DE /* TestTableViewController.swift in Sources */ = {isa = PBXBuildFile; fileRef = 8DEBE2161C52AC1D00F057DE /* TestTableViewController.swift */; };
		8DEBE2191C52B30B00F057DE /* TestViewController.swift in Sources */ = {isa = PBXBuildFile; fileRef = 8DEBE2181C52B30B00F057DE /* TestViewController.swift */; };
		BDCDAD601C58C06400E46090 /* TestActions.swift in Sources */ = {isa = PBXBuildFile; fileRef = BDCDAD5F1C58C06400E46090 /* TestActions.swift */; };
		E16FD2871C56439D004271D9 /* pythagorean_theorem1.gif in Resources */ = {isa = PBXBuildFile; fileRef = E16FD2861C56439D004271D9 /* pythagorean_theorem1.gif */; };
		E187E87B1C53A8AE0071D83B /* QuestionTableViewCell.swift in Sources */ = {isa = PBXBuildFile; fileRef = E187E87A1C53A8AE0071D83B /* QuestionTableViewCell.swift */; };
		E187E87E1C53AD5D0071D83B /* QuestionTableViewController.swift in Sources */ = {isa = PBXBuildFile; fileRef = E187E87C1C53AD5D0071D83B /* QuestionTableViewController.swift */; };
		E187E87F1C53AD5D0071D83B /* QuestionTableViewController.xib in Resources */ = {isa = PBXBuildFile; fileRef = E187E87D1C53AD5D0071D83B /* QuestionTableViewController.xib */; };
		E1BFAB541C522A9A00B6EDB7 /* AppDelegate.swift in Sources */ = {isa = PBXBuildFile; fileRef = E1BFAB531C522A9A00B6EDB7 /* AppDelegate.swift */; };
		E1BFAB561C522A9A00B6EDB7 /* ViewController.swift in Sources */ = {isa = PBXBuildFile; fileRef = E1BFAB551C522A9A00B6EDB7 /* ViewController.swift */; };
		E1BFAB591C522A9A00B6EDB7 /* Main.storyboard in Resources */ = {isa = PBXBuildFile; fileRef = E1BFAB571C522A9A00B6EDB7 /* Main.storyboard */; };
		E1BFAB5B1C522A9A00B6EDB7 /* Assets.xcassets in Resources */ = {isa = PBXBuildFile; fileRef = E1BFAB5A1C522A9A00B6EDB7 /* Assets.xcassets */; };
		E1BFAB5E1C522A9A00B6EDB7 /* LaunchScreen.storyboard in Resources */ = {isa = PBXBuildFile; fileRef = E1BFAB5C1C522A9A00B6EDB7 /* LaunchScreen.storyboard */; };
		E1CB08321C576A5900CBD5DA /* HttpPetition.swift in Sources */ = {isa = PBXBuildFile; fileRef = E1CB08311C576A5900CBD5DA /* HttpPetition.swift */; };
		E1CB08341C57790C00CBD5DA /* UsuarioActions.swift in Sources */ = {isa = PBXBuildFile; fileRef = E1CB08331C57790C00CBD5DA /* UsuarioActions.swift */; };
		E1CB08361C5783F000CBD5DA /* SwiftyJSON.swift in Sources */ = {isa = PBXBuildFile; fileRef = E1CB08351C5783F000CBD5DA /* SwiftyJSON.swift */; };
		E1D5D5EA1C57FE7B00D2FFB3 /* Usuario.swift in Sources */ = {isa = PBXBuildFile; fileRef = E1D5D5E91C57FE7B00D2FFB3 /* Usuario.swift */; };
/* End PBXBuildFile section */

/* Begin PBXFileReference section */
		858A969B1C58BE6500F8FBF6 /* ExamenActions.swift */ = {isa = PBXFileReference; fileEncoding = 4; lastKnownFileType = sourcecode.swift; path = ExamenActions.swift; sourceTree = "<group>"; };
		858A969D1C58BFB000F8FBF6 /* Examen.swift */ = {isa = PBXFileReference; fileEncoding = 4; lastKnownFileType = sourcecode.swift; path = Examen.swift; sourceTree = "<group>"; };
		858A96A41C5A26C400F8FBF6 /* burger@2x.png */ = {isa = PBXFileReference; lastKnownFileType = image.png; path = "burger@2x.png"; sourceTree = "<group>"; };
		858A96A61C5A26CE00F8FBF6 /* burger.png */ = {isa = PBXFileReference; lastKnownFileType = image.png; path = burger.png; sourceTree = "<group>"; };
		858A96A81C5A333600F8FBF6 /* logoIOS.png */ = {isa = PBXFileReference; lastKnownFileType = image.png; path = logoIOS.png; sourceTree = "<group>"; };
		858A96AA1C5A33CC00F8FBF6 /* Captura de pantalla 2016-01-28 a las 12.31.35.png */ = {isa = PBXFileReference; lastKnownFileType = image.png; path = "Captura de pantalla 2016-01-28 a las 12.31.35.png"; sourceTree = "<group>"; };
		858A96AC1C5A398F00F8FBF6 /* 1454003765_thumbs-up.png */ = {isa = PBXFileReference; lastKnownFileType = image.png; path = "1454003765_thumbs-up.png"; sourceTree = "<group>"; };
		858A96AE1C5A399500F8FBF6 /* 1454003755_thumbs-down.png */ = {isa = PBXFileReference; lastKnownFileType = image.png; path = "1454003755_thumbs-down.png"; sourceTree = "<group>"; };
		858A96B21C5A3CB700F8FBF6 /* calendar_icon.png */ = {isa = PBXFileReference; lastKnownFileType = image.png; path = calendar_icon.png; sourceTree = "<group>"; };
		858A96B41C5A3D5A00F8FBF6 /* icon_succeses.png */ = {isa = PBXFileReference; lastKnownFileType = image.png; path = icon_succeses.png; sourceTree = "<group>"; };
		858A96B51C5A3D5A00F8FBF6 /* icon_failures.png */ = {isa = PBXFileReference; lastKnownFileType = image.png; path = icon_failures.png; sourceTree = "<group>"; };
		859273FB1C5628470029C503 /* hacer_test.png */ = {isa = PBXFileReference; lastKnownFileType = image.png; path = hacer_test.png; sourceTree = "<group>"; };
		859273FC1C5628470029C503 /* resultados.png */ = {isa = PBXFileReference; lastKnownFileType = image.png; path = resultados.png; sourceTree = "<group>"; };
		859273FD1C5628470029C503 /* cerrar_sesion.png */ = {isa = PBXFileReference; lastKnownFileType = image.png; path = cerrar_sesion.png; sourceTree = "<group>"; };
		859274011C5630290029C503 /* ResultsTableViewController.swift */ = {isa = PBXFileReference; fileEncoding = 4; lastKnownFileType = sourcecode.swift; path = ResultsTableViewController.swift; sourceTree = "<group>"; };
		859274031C56339D0029C503 /* Background.jpg */ = {isa = PBXFileReference; lastKnownFileType = image.jpeg; path = Background.jpg; sourceTree = "<group>"; };
		859274051C56381C0029C503 /* TabBarController.swift */ = {isa = PBXFileReference; fileEncoding = 4; lastKnownFileType = sourcecode.swift; name = TabBarController.swift; path = ../TabBarController.swift; sourceTree = "<group>"; };
		859274071C5638970029C503 /* FrostedSidebar.swift */ = {isa = PBXFileReference; fileEncoding = 4; lastKnownFileType = sourcecode.swift; name = FrostedSidebar.swift; path = ../FrostedSidebar.swift; sourceTree = "<group>"; };
		8592740D1C576E880029C503 /* ResultsTableViewCell.swift */ = {isa = PBXFileReference; fileEncoding = 4; lastKnownFileType = sourcecode.swift; name = ResultsTableViewCell.swift; path = ../ResultsTableViewCell.swift; sourceTree = "<group>"; };
		859274101C5770BC0029C503 /* Result.swift */ = {isa = PBXFileReference; fileEncoding = 4; lastKnownFileType = sourcecode.swift; path = Result.swift; sourceTree = "<group>"; };
		8D35BD261C58BEE60036D092 /* PreguntaActions.swift */ = {isa = PBXFileReference; fileEncoding = 4; lastKnownFileType = sourcecode.swift; path = PreguntaActions.swift; sourceTree = "<group>"; };
		8D35BD2A1C592C640036D092 /* LoadingAlert.swift */ = {isa = PBXFileReference; fileEncoding = 4; lastKnownFileType = sourcecode.swift; path = LoadingAlert.swift; sourceTree = "<group>"; };
		8D9625DC1C578DCB00E197F1 /* final_banner.png */ = {isa = PBXFileReference; lastKnownFileType = image.png; path = final_banner.png; sourceTree = "<group>"; };
		8DEBE20E1C529E8300F057DE /* Test.swift */ = {isa = PBXFileReference; fileEncoding = 4; lastKnownFileType = sourcecode.swift; path = Test.swift; sourceTree = "<group>"; };
		8DEBE2101C52A01100F057DE /* TestTableViewCell.swift */ = {isa = PBXFileReference; fileEncoding = 4; lastKnownFileType = sourcecode.swift; path = TestTableViewCell.swift; sourceTree = "<group>"; };
		8DEBE2121C52A33000F057DE /* Question.swift */ = {isa = PBXFileReference; fileEncoding = 4; lastKnownFileType = sourcecode.swift; path = Question.swift; sourceTree = "<group>"; };
		8DEBE2141C52A5B400F057DE /* Answer.swift */ = {isa = PBXFileReference; fileEncoding = 4; lastKnownFileType = sourcecode.swift; path = Answer.swift; sourceTree = "<group>"; };
		8DEBE2161C52AC1D00F057DE /* TestTableViewController.swift */ = {isa = PBXFileReference; fileEncoding = 4; lastKnownFileType = sourcecode.swift; path = TestTableViewController.swift; sourceTree = "<group>"; };
		8DEBE2181C52B30B00F057DE /* TestViewController.swift */ = {isa = PBXFileReference; fileEncoding = 4; lastKnownFileType = sourcecode.swift; path = TestViewController.swift; sourceTree = "<group>"; };
		BDCDAD5F1C58C06400E46090 /* TestActions.swift */ = {isa = PBXFileReference; fileEncoding = 4; lastKnownFileType = sourcecode.swift; path = TestActions.swift; sourceTree = "<group>"; };
		E16FD2861C56439D004271D9 /* pythagorean_theorem1.gif */ = {isa = PBXFileReference; lastKnownFileType = image.gif; path = pythagorean_theorem1.gif; sourceTree = "<group>"; };
		E187E87A1C53A8AE0071D83B /* QuestionTableViewCell.swift */ = {isa = PBXFileReference; fileEncoding = 4; lastKnownFileType = sourcecode.swift; name = QuestionTableViewCell.swift; path = ../QuestionTableViewCell.swift; sourceTree = "<group>"; };
		E187E87C1C53AD5D0071D83B /* QuestionTableViewController.swift */ = {isa = PBXFileReference; fileEncoding = 4; lastKnownFileType = sourcecode.swift; name = QuestionTableViewController.swift; path = ../QuestionTableViewController.swift; sourceTree = "<group>"; };
		E187E87D1C53AD5D0071D83B /* QuestionTableViewController.xib */ = {isa = PBXFileReference; fileEncoding = 4; lastKnownFileType = file.xib; name = QuestionTableViewController.xib; path = ../QuestionTableViewController.xib; sourceTree = "<group>"; };
		E1BFAB501C522A9A00B6EDB7 /* IOSTodoTest.app */ = {isa = PBXFileReference; explicitFileType = wrapper.application; includeInIndex = 0; path = IOSTodoTest.app; sourceTree = BUILT_PRODUCTS_DIR; };
		E1BFAB531C522A9A00B6EDB7 /* AppDelegate.swift */ = {isa = PBXFileReference; lastKnownFileType = sourcecode.swift; path = AppDelegate.swift; sourceTree = "<group>"; };
		E1BFAB551C522A9A00B6EDB7 /* ViewController.swift */ = {isa = PBXFileReference; lastKnownFileType = sourcecode.swift; path = ViewController.swift; sourceTree = "<group>"; };
		E1BFAB581C522A9A00B6EDB7 /* Base */ = {isa = PBXFileReference; lastKnownFileType = file.storyboard; name = Base; path = Base.lproj/Main.storyboard; sourceTree = "<group>"; };
		E1BFAB5A1C522A9A00B6EDB7 /* Assets.xcassets */ = {isa = PBXFileReference; lastKnownFileType = folder.assetcatalog; path = Assets.xcassets; sourceTree = "<group>"; };
		E1BFAB5D1C522A9A00B6EDB7 /* Base */ = {isa = PBXFileReference; lastKnownFileType = file.storyboard; name = Base; path = Base.lproj/LaunchScreen.storyboard; sourceTree = "<group>"; };
		E1BFAB5F1C522A9A00B6EDB7 /* Info.plist */ = {isa = PBXFileReference; lastKnownFileType = text.plist.xml; path = Info.plist; sourceTree = "<group>"; };
		E1CB08311C576A5900CBD5DA /* HttpPetition.swift */ = {isa = PBXFileReference; fileEncoding = 4; lastKnownFileType = sourcecode.swift; name = HttpPetition.swift; path = ../HttpPetition.swift; sourceTree = "<group>"; };
		E1CB08331C57790C00CBD5DA /* UsuarioActions.swift */ = {isa = PBXFileReference; fileEncoding = 4; lastKnownFileType = sourcecode.swift; path = UsuarioActions.swift; sourceTree = "<group>"; };
		E1CB08351C5783F000CBD5DA /* SwiftyJSON.swift */ = {isa = PBXFileReference; fileEncoding = 4; lastKnownFileType = sourcecode.swift; path = SwiftyJSON.swift; sourceTree = "<group>"; };
		E1D5D5E91C57FE7B00D2FFB3 /* Usuario.swift */ = {isa = PBXFileReference; fileEncoding = 4; lastKnownFileType = sourcecode.swift; path = Usuario.swift; sourceTree = "<group>"; };
/* End PBXFileReference section */

/* Begin PBXFrameworksBuildPhase section */
		E1BFAB4D1C522A9A00B6EDB7 /* Frameworks */ = {
			isa = PBXFrameworksBuildPhase;
			buildActionMask = 2147483647;
			files = (
			);
			runOnlyForDeploymentPostprocessing = 0;
		};
/* End PBXFrameworksBuildPhase section */

/* Begin PBXGroup section */
		852AB0781C5559F600DCFE7D /* Supporting Files */ = {
			isa = PBXGroup;
			children = (
				858A96A61C5A26CE00F8FBF6 /* burger.png */,
				858A96AA1C5A33CC00F8FBF6 /* Captura de pantalla 2016-01-28 a las 12.31.35.png */,
				858A96A41C5A26C400F8FBF6 /* burger@2x.png */,
				858A96B41C5A3D5A00F8FBF6 /* icon_succeses.png */,
				858A96B51C5A3D5A00F8FBF6 /* icon_failures.png */,
				8D9625DC1C578DCB00E197F1 /* final_banner.png */,
				858A96B21C5A3CB700F8FBF6 /* calendar_icon.png */,
				858A96AE1C5A399500F8FBF6 /* 1454003755_thumbs-down.png */,
				E16FD2861C56439D004271D9 /* pythagorean_theorem1.gif */,
				859273FB1C5628470029C503 /* hacer_test.png */,
				858A96A81C5A333600F8FBF6 /* logoIOS.png */,
				859274031C56339D0029C503 /* Background.jpg */,
				858A96AC1C5A398F00F8FBF6 /* 1454003765_thumbs-up.png */,
				859273FC1C5628470029C503 /* resultados.png */,
				859273FD1C5628470029C503 /* cerrar_sesion.png */,
			);
			name = "Supporting Files";
			sourceTree = "<group>";
		};
		E1BFAB471C522A9A00B6EDB7 = {
			isa = PBXGroup;
			children = (
				E1BFAB521C522A9A00B6EDB7 /* IOSTodoTest */,
				E1BFAB511C522A9A00B6EDB7 /* Products */,
			);
			sourceTree = "<group>";
		};
		E1BFAB511C522A9A00B6EDB7 /* Products */ = {
			isa = PBXGroup;
			children = (
				E1BFAB501C522A9A00B6EDB7 /* IOSTodoTest.app */,
			);
			name = Products;
			sourceTree = "<group>";
		};
		E1BFAB521C522A9A00B6EDB7 /* IOSTodoTest */ = {
			isa = PBXGroup;
			children = (
				E1CB08311C576A5900CBD5DA /* HttpPetition.swift */,
				859274071C5638970029C503 /* FrostedSidebar.swift */,
				859274051C56381C0029C503 /* TabBarController.swift */,
				E1BFAB531C522A9A00B6EDB7 /* AppDelegate.swift */,
				E1BFAB551C522A9A00B6EDB7 /* ViewController.swift */,
				852AB0781C5559F600DCFE7D /* Supporting Files */,
				E1BFAB571C522A9A00B6EDB7 /* Main.storyboard */,
				859274011C5630290029C503 /* ResultsTableViewController.swift */,
				8D35BD2A1C592C640036D092 /* LoadingAlert.swift */,
				8592740D1C576E880029C503 /* ResultsTableViewCell.swift */,
				8DEBE2101C52A01100F057DE /* TestTableViewCell.swift */,
				8DEBE2161C52AC1D00F057DE /* TestTableViewController.swift */,
				8DEBE2181C52B30B00F057DE /* TestViewController.swift */,
				E187E87A1C53A8AE0071D83B /* QuestionTableViewCell.swift */,
				E187E87C1C53AD5D0071D83B /* QuestionTableViewController.swift */,
				E187E87D1C53AD5D0071D83B /* QuestionTableViewController.xib */,
				8DEBE2121C52A33000F057DE /* Question.swift */,
				8DEBE2141C52A5B400F057DE /* Answer.swift */,
				8DEBE20E1C529E8300F057DE /* Test.swift */,
				859274101C5770BC0029C503 /* Result.swift */,
				E1BFAB5A1C522A9A00B6EDB7 /* Assets.xcassets */,
				E1BFAB5C1C522A9A00B6EDB7 /* LaunchScreen.storyboard */,
				E1BFAB5F1C522A9A00B6EDB7 /* Info.plist */,
				E1CB08331C57790C00CBD5DA /* UsuarioActions.swift */,
				8D35BD261C58BEE60036D092 /* PreguntaActions.swift */,
				E1D5D5E91C57FE7B00D2FFB3 /* Usuario.swift */,
				E1CB08351C5783F000CBD5DA /* SwiftyJSON.swift */,
				BDCDAD5F1C58C06400E46090 /* TestActions.swift */,
				858A969B1C58BE6500F8FBF6 /* ExamenActions.swift */,
				858A969D1C58BFB000F8FBF6 /* Examen.swift */,
			);
			path = IOSTodoTest;
			sourceTree = "<group>";
		};
/* End PBXGroup section */

/* Begin PBXNativeTarget section */
		E1BFAB4F1C522A9A00B6EDB7 /* IOSTodoTest */ = {
			isa = PBXNativeTarget;
			buildConfigurationList = E1BFAB621C522A9A00B6EDB7 /* Build configuration list for PBXNativeTarget "IOSTodoTest" */;
			buildPhases = (
				E1BFAB4C1C522A9A00B6EDB7 /* Sources */,
				E1BFAB4D1C522A9A00B6EDB7 /* Frameworks */,
				E1BFAB4E1C522A9A00B6EDB7 /* Resources */,
			);
			buildRules = (
			);
			dependencies = (
			);
			name = IOSTodoTest;
			productName = IOSTodoTest;
			productReference = E1BFAB501C522A9A00B6EDB7 /* IOSTodoTest.app */;
			productType = "com.apple.product-type.application";
		};
/* End PBXNativeTarget section */

/* Begin PBXProject section */
		E1BFAB481C522A9A00B6EDB7 /* Project object */ = {
			isa = PBXProject;
			attributes = {
				LastSwiftUpdateCheck = 0720;
				LastUpgradeCheck = 0720;
				ORGANIZATIONNAME = "EQUIPO INFTEL";
				TargetAttributes = {
					E1BFAB4F1C522A9A00B6EDB7 = {
						CreatedOnToolsVersion = 7.2;
					};
				};
			};
			buildConfigurationList = E1BFAB4B1C522A9A00B6EDB7 /* Build configuration list for PBXProject "IOSTodoTest" */;
			compatibilityVersion = "Xcode 3.2";
			developmentRegion = English;
			hasScannedForEncodings = 0;
			knownRegions = (
				en,
				Base,
			);
			mainGroup = E1BFAB471C522A9A00B6EDB7;
			productRefGroup = E1BFAB511C522A9A00B6EDB7 /* Products */;
			projectDirPath = "";
			projectRoot = "";
			targets = (
				E1BFAB4F1C522A9A00B6EDB7 /* IOSTodoTest */,
			);
		};
/* End PBXProject section */

/* Begin PBXResourcesBuildPhase section */
		E1BFAB4E1C522A9A00B6EDB7 /* Resources */ = {
			isa = PBXResourcesBuildPhase;
			buildActionMask = 2147483647;
			files = (
				858A96A71C5A26CE00F8FBF6 /* burger.png in Resources */,
				E1BFAB5E1C522A9A00B6EDB7 /* LaunchScreen.storyboard in Resources */,
				858A96A91C5A333600F8FBF6 /* logoIOS.png in Resources */,
				858A96A51C5A26C400F8FBF6 /* burger@2x.png in Resources */,
				859274041C56339D0029C503 /* Background.jpg in Resources */,
				858A96B71C5A3D5A00F8FBF6 /* icon_failures.png in Resources */,
				8D9625DD1C578DCB00E197F1 /* final_banner.png in Resources */,
				858A96AF1C5A399500F8FBF6 /* 1454003755_thumbs-down.png in Resources */,
				859274001C5628470029C503 /* cerrar_sesion.png in Resources */,
				859273FF1C5628470029C503 /* resultados.png in Resources */,
				859273FE1C5628470029C503 /* hacer_test.png in Resources */,
				858A96B31C5A3CB700F8FBF6 /* calendar_icon.png in Resources */,
				E1BFAB5B1C522A9A00B6EDB7 /* Assets.xcassets in Resources */,
				858A96AB1C5A33CC00F8FBF6 /* Captura de pantalla 2016-01-28 a las 12.31.35.png in Resources */,
				E1BFAB591C522A9A00B6EDB7 /* Main.storyboard in Resources */,
				E16FD2871C56439D004271D9 /* pythagorean_theorem1.gif in Resources */,
				E187E87F1C53AD5D0071D83B /* QuestionTableViewController.xib in Resources */,
				858A96B61C5A3D5A00F8FBF6 /* icon_succeses.png in Resources */,
				858A96AD1C5A398F00F8FBF6 /* 1454003765_thumbs-up.png in Resources */,
			);
			runOnlyForDeploymentPostprocessing = 0;
		};
/* End PBXResourcesBuildPhase section */

/* Begin PBXSourcesBuildPhase section */
		E1BFAB4C1C522A9A00B6EDB7 /* Sources */ = {
			isa = PBXSourcesBuildPhase;
			buildActionMask = 2147483647;
			files = (
				859274081C5638970029C503 /* FrostedSidebar.swift in Sources */,
				E1BFAB561C522A9A00B6EDB7 /* ViewController.swift in Sources */,
				8592740E1C576E880029C503 /* ResultsTableViewCell.swift in Sources */,
				859274061C56381C0029C503 /* TabBarController.swift in Sources */,
				E1CB08321C576A5900CBD5DA /* HttpPetition.swift in Sources */,
				E1D5D5EA1C57FE7B00D2FFB3 /* Usuario.swift in Sources */,
				858A969E1C58BFB000F8FBF6 /* Examen.swift in Sources */,
				8D35BD2B1C592C640036D092 /* LoadingAlert.swift in Sources */,
				E187E87B1C53A8AE0071D83B /* QuestionTableViewCell.swift in Sources */,
				8D35BD271C58BEE60036D092 /* PreguntaActions.swift in Sources */,
				8DEBE2111C52A01100F057DE /* TestTableViewCell.swift in Sources */,
				859274111C5770BC0029C503 /* Result.swift in Sources */,
				8DEBE2191C52B30B00F057DE /* TestViewController.swift in Sources */,
				8DEBE2131C52A33000F057DE /* Question.swift in Sources */,
				8DEBE2151C52A5B400F057DE /* Answer.swift in Sources */,
				E1CB08341C57790C00CBD5DA /* UsuarioActions.swift in Sources */,
				BDCDAD601C58C06400E46090 /* TestActions.swift in Sources */,
				858A969C1C58BE6500F8FBF6 /* ExamenActions.swift in Sources */,
				859274021C5630290029C503 /* ResultsTableViewController.swift in Sources */,
				E1CB08361C5783F000CBD5DA /* SwiftyJSON.swift in Sources */,
				E1BFAB541C522A9A00B6EDB7 /* AppDelegate.swift in Sources */,
				E187E87E1C53AD5D0071D83B /* QuestionTableViewController.swift in Sources */,
				8DEBE2171C52AC1D00F057DE /* TestTableViewController.swift in Sources */,
				8DEBE20F1C529E8300F057DE /* Test.swift in Sources */,
			);
			runOnlyForDeploymentPostprocessing = 0;
		};
/* End PBXSourcesBuildPhase section */

/* Begin PBXVariantGroup section */
		E1BFAB571C522A9A00B6EDB7 /* Main.storyboard */ = {
			isa = PBXVariantGroup;
			children = (
				E1BFAB581C522A9A00B6EDB7 /* Base */,
			);
			name = Main.storyboard;
			sourceTree = "<group>";
		};
		E1BFAB5C1C522A9A00B6EDB7 /* LaunchScreen.storyboard */ = {
			isa = PBXVariantGroup;
			children = (
				E1BFAB5D1C522A9A00B6EDB7 /* Base */,
			);
			name = LaunchScreen.storyboard;
			sourceTree = "<group>";
		};
/* End PBXVariantGroup section */

/* Begin XCBuildConfiguration section */
		E1BFAB601C522A9A00B6EDB7 /* Debug */ = {
			isa = XCBuildConfiguration;
			buildSettings = {
				ALWAYS_SEARCH_USER_PATHS = NO;
				CLANG_CXX_LANGUAGE_STANDARD = "gnu++0x";
				CLANG_CXX_LIBRARY = "libc++";
				CLANG_ENABLE_MODULES = YES;
				CLANG_ENABLE_OBJC_ARC = YES;
				CLANG_WARN_BOOL_CONVERSION = YES;
				CLANG_WARN_CONSTANT_CONVERSION = YES;
				CLANG_WARN_DIRECT_OBJC_ISA_USAGE = YES_ERROR;
				CLANG_WARN_EMPTY_BODY = YES;
				CLANG_WARN_ENUM_CONVERSION = YES;
				CLANG_WARN_INT_CONVERSION = YES;
				CLANG_WARN_OBJC_ROOT_CLASS = YES_ERROR;
				CLANG_WARN_UNREACHABLE_CODE = YES;
				CLANG_WARN__DUPLICATE_METHOD_MATCH = YES;
				"CODE_SIGN_IDENTITY[sdk=iphoneos*]" = "iPhone Developer";
				COPY_PHASE_STRIP = NO;
				DEBUG_INFORMATION_FORMAT = dwarf;
				ENABLE_STRICT_OBJC_MSGSEND = YES;
				ENABLE_TESTABILITY = YES;
				GCC_C_LANGUAGE_STANDARD = gnu99;
				GCC_DYNAMIC_NO_PIC = NO;
				GCC_NO_COMMON_BLOCKS = YES;
				GCC_OPTIMIZATION_LEVEL = 0;
				GCC_PREPROCESSOR_DEFINITIONS = (
					"DEBUG=1",
					"$(inherited)",
				);
				GCC_WARN_64_TO_32_BIT_CONVERSION = YES;
				GCC_WARN_ABOUT_RETURN_TYPE = YES_ERROR;
				GCC_WARN_UNDECLARED_SELECTOR = YES;
				GCC_WARN_UNINITIALIZED_AUTOS = YES_AGGRESSIVE;
				GCC_WARN_UNUSED_FUNCTION = YES;
				GCC_WARN_UNUSED_VARIABLE = YES;
				IPHONEOS_DEPLOYMENT_TARGET = 9.2;
				MTL_ENABLE_DEBUG_INFO = YES;
				ONLY_ACTIVE_ARCH = YES;
				SDKROOT = iphoneos;
				SWIFT_OPTIMIZATION_LEVEL = "-Onone";
				TARGETED_DEVICE_FAMILY = "1,2";
			};
			name = Debug;
		};
		E1BFAB611C522A9A00B6EDB7 /* Release */ = {
			isa = XCBuildConfiguration;
			buildSettings = {
				ALWAYS_SEARCH_USER_PATHS = NO;
				CLANG_CXX_LANGUAGE_STANDARD = "gnu++0x";
				CLANG_CXX_LIBRARY = "libc++";
				CLANG_ENABLE_MODULES = YES;
				CLANG_ENABLE_OBJC_ARC = YES;
				CLANG_WARN_BOOL_CONVERSION = YES;
				CLANG_WARN_CONSTANT_CONVERSION = YES;
				CLANG_WARN_DIRECT_OBJC_ISA_USAGE = YES_ERROR;
				CLANG_WARN_EMPTY_BODY = YES;
				CLANG_WARN_ENUM_CONVERSION = YES;
				CLANG_WARN_INT_CONVERSION = YES;
				CLANG_WARN_OBJC_ROOT_CLASS = YES_ERROR;
				CLANG_WARN_UNREACHABLE_CODE = YES;
				CLANG_WARN__DUPLICATE_METHOD_MATCH = YES;
				"CODE_SIGN_IDENTITY[sdk=iphoneos*]" = "iPhone Developer";
				COPY_PHASE_STRIP = NO;
				DEBUG_INFORMATION_FORMAT = "dwarf-with-dsym";
				ENABLE_NS_ASSERTIONS = NO;
				ENABLE_STRICT_OBJC_MSGSEND = YES;
				GCC_C_LANGUAGE_STANDARD = gnu99;
				GCC_NO_COMMON_BLOCKS = YES;
				GCC_WARN_64_TO_32_BIT_CONVERSION = YES;
				GCC_WARN_ABOUT_RETURN_TYPE = YES_ERROR;
				GCC_WARN_UNDECLARED_SELECTOR = YES;
				GCC_WARN_UNINITIALIZED_AUTOS = YES_AGGRESSIVE;
				GCC_WARN_UNUSED_FUNCTION = YES;
				GCC_WARN_UNUSED_VARIABLE = YES;
				IPHONEOS_DEPLOYMENT_TARGET = 9.2;
				MTL_ENABLE_DEBUG_INFO = NO;
				SDKROOT = iphoneos;
				TARGETED_DEVICE_FAMILY = "1,2";
				VALIDATE_PRODUCT = YES;
			};
			name = Release;
		};
		E1BFAB631C522A9A00B6EDB7 /* Debug */ = {
			isa = XCBuildConfiguration;
			buildSettings = {
				ASSETCATALOG_COMPILER_APPICON_NAME = AppIcon;
				INFOPLIST_FILE = IOSTodoTest/Info.plist;
				LD_RUNPATH_SEARCH_PATHS = "$(inherited) @executable_path/Frameworks";
				PRODUCT_BUNDLE_IDENTIFIER = inftel.IOSTodoTest;
				PRODUCT_NAME = "$(TARGET_NAME)";
			};
			name = Debug;
		};
		E1BFAB641C522A9A00B6EDB7 /* Release */ = {
			isa = XCBuildConfiguration;
			buildSettings = {
				ASSETCATALOG_COMPILER_APPICON_NAME = AppIcon;
				INFOPLIST_FILE = IOSTodoTest/Info.plist;
				LD_RUNPATH_SEARCH_PATHS = "$(inherited) @executable_path/Frameworks";
				PRODUCT_BUNDLE_IDENTIFIER = inftel.IOSTodoTest;
				PRODUCT_NAME = "$(TARGET_NAME)";
			};
			name = Release;
		};
/* End XCBuildConfiguration section */

/* Begin XCConfigurationList section */
		E1BFAB4B1C522A9A00B6EDB7 /* Build configuration list for PBXProject "IOSTodoTest" */ = {
			isa = XCConfigurationList;
			buildConfigurations = (
				E1BFAB601C522A9A00B6EDB7 /* Debug */,
				E1BFAB611C522A9A00B6EDB7 /* Release */,
			);
			defaultConfigurationIsVisible = 0;
			defaultConfigurationName = Release;
		};
		E1BFAB621C522A9A00B6EDB7 /* Build configuration list for PBXNativeTarget "IOSTodoTest" */ = {
			isa = XCConfigurationList;
			buildConfigurations = (
				E1BFAB631C522A9A00B6EDB7 /* Debug */,
				E1BFAB641C522A9A00B6EDB7 /* Release */,
			);
			defaultConfigurationIsVisible = 0;
			defaultConfigurationName = Release;
		};
/* End XCConfigurationList section */
	};
	rootObject = E1BFAB481C522A9A00B6EDB7 /* Project object */;
}
